{
  "lockfileVersion": 1,
  "configVersion": 1,
  "workspaces": {
    "": {
      "name": "@zirkeldesign/regex-validation-for-gravity-forms",
      "devDependencies": {
        "@wordpress/prettier-config": "^4.40.0",
        "prettier": "npm:wp-prettier@^3.0.3",
      },
    },
  },
  "packages": {
    "@wordpress/prettier-config": ["@wordpress/prettier-config@4.40.0", "", { "peerDependencies": { "prettier": ">=3" } }, "sha512-6JqPLZtoO1OnZJMVrWy+wwoCrJKD1VZnfNMLvNhhRoY7VypBXk189iyWj26JbOhBfFqIcVQNLNMTt9uTZDNujA=="],

    "prettier": ["wp-prettier@3.0.3", "", { "bin": { "prettier": "bin/prettier.cjs" } }, "sha512-X4UlrxDTH8oom9qXlcjnydsjAOD2BmB6yFmvS4Z2zdTzqqpRWb+fbqrH412+l+OUXmbzJlSXjlMFYPgYG12IAA=="],
  }
}
